// !$*UTF8*$!
{
	archiveVersion = 1;
	classes = {
	};
	objectVersion = 56;
	objects = {

/* Begin PBXBuildFile section */
		23A44E3D2B5BFD5A00C96665 /* finalApp.swift in Sources */ = {isa = PBXBuildFile; fileRef = 23A44E3C2B5BFD5A00C96665 /* finalApp.swift */; };
		23A44E3F2B5BFD5A00C96665 /* ContentView.swift in Sources */ = {isa = PBXBuildFile; fileRef = 23A44E3E2B5BFD5A00C96665 /* ContentView.swift */; };
		23A44E412B5BFD5A00C96665 /* Assets.xcassets in Resources */ = {isa = PBXBuildFile; fileRef = 23A44E402B5BFD5A00C96665 /* Assets.xcassets */; };
		23A44E442B5BFD5A00C96665 /* Preview Assets.xcassets in Resources */ = {isa = PBXBuildFile; fileRef = 23A44E432B5BFD5A00C96665 /* Preview Assets.xcassets */; };
		23A44E4E2B5BFD5B00C96665 /* finalTests.swift in Sources */ = {isa = PBXBuildFile; fileRef = 23A44E4D2B5BFD5B00C96665 /* finalTests.swift */; };
		23A44E582B5BFD5B00C96665 /* finalUITests.swift in Sources */ = {isa = PBXBuildFile; fileRef = 23A44E572B5BFD5B00C96665 /* finalUITests.swift */; };
		23A44E5A2B5BFD5B00C96665 /* finalUITestsLaunchTests.swift in Sources */ = {isa = PBXBuildFile; fileRef = 23A44E592B5BFD5B00C96665 /* finalUITestsLaunchTests.swift */; };
/* End PBXBuildFile section */

/* Begin PBXContainerItemProxy section */
		23A44E4A2B5BFD5B00C96665 /* PBXContainerItemProxy */ = {
			isa = PBXContainerItemProxy;
			containerPortal = 23A44E312B5BFD5900C96665 /* Project object */;
			proxyType = 1;
			remoteGlobalIDString = 23A44E382B5BFD5900C96665;
			remoteInfo = final;
		};
		23A44E542B5BFD5B00C96665 /* PBXContainerItemProxy */ = {
			isa = PBXContainerItemProxy;
			containerPortal = 23A44E312B5BFD5900C96665 /* Project object */;
			proxyType = 1;
			remoteGlobalIDString = 23A44E382B5BFD5900C96665;
			remoteInfo = final;
		};
/* End PBXContainerItemProxy section */

/* Begin PBXFileReference section */
		23A44E392B5BFD5A00C96665 /* final.app */ = {isa = PBXFileReference; explicitFileType = wrapper.application; includeInIndex = 0; path = final.app; sourceTree = BUILT_PRODUCTS_DIR; };
		23A44E3C2B5BFD5A00C96665 /* finalApp.swift */ = {isa = PBXFileReference; lastKnownFileType = sourcecode.swift; path = finalApp.swift; sourceTree = "<group>"; };
		23A44E3E2B5BFD5A00C96665 /* ContentView.swift */ = {isa = PBXFileReference; lastKnownFileType = sourcecode.swift; path = ContentView.swift; sourceTree = "<group>"; };
		23A44E402B5BFD5A00C96665 /* Assets.xcassets */ = {isa = PBXFileReference; lastKnownFileType = folder.assetcatalog; path = Assets.xcassets; sourceTree = "<group>"; };
		23A44E432B5BFD5A00C96665 /* Preview Assets.xcassets */ = {isa = PBXFileReference; lastKnownFileType = folder.assetcatalog; path = "Preview Assets.xcassets"; sourceTree = "<group>"; };
		23A44E492B5BFD5B00C96665 /* finalTests.xctest */ = {isa = PBXFileReference; explicitFileType = wrapper.cfbundle; includeInIndex = 0; path = finalTests.xctest; sourceTree = BUILT_PRODUCTS_DIR; };
		23A44E4D2B5BFD5B00C96665 /* finalTests.swift */ = {isa = PBXFileReference; lastKnownFileType = sourcecode.swift; path = finalTests.swift; sourceTree = "<group>"; };
		23A44E532B5BFD5B00C96665 /* finalUITests.xctest */ = {isa = PBXFileReference; explicitFileType = wrapper.cfbundle; includeInIndex = 0; path = finalUITests.xctest; sourceTree = BUILT_PRODUCTS_DIR; };
		23A44E572B5BFD5B00C96665 /* finalUITests.swift */ = {isa = PBXFileReference; lastKnownFileType = sourcecode.swift; path = finalUITests.swift; sourceTree = "<group>"; };
		23A44E592B5BFD5B00C96665 /* finalUITestsLaunchTests.swift */ = {isa = PBXFileReference; lastKnownFileType = sourcecode.swift; path = finalUITestsLaunchTests.swift; sourceTree = "<group>"; };
/* End PBXFileReference section */

/* Begin PBXFrameworksBuildPhase section */
		23A44E362B5BFD5900C96665 /* Frameworks */ = {
			isa = PBXFrameworksBuildPhase;
			buildActionMask = 2147483647;
			files = (
			);
			runOnlyForDeploymentPostprocessing = 0;
		};
		23A44E462B5BFD5B00C96665 /* Frameworks */ = {
			isa = PBXFrameworksBuildPhase;
			buildActionMask = 2147483647;
			files = (
			);
			runOnlyForDeploymentPostprocessing = 0;
		};
		23A44E502B5BFD5B00C96665 /* Frameworks */ = {
			isa = PBXFrameworksBuildPhase;
			buildActionMask = 2147483647;
			files = (
			);
			runOnlyForDeploymentPostprocessing = 0;
		};
/* End PBXFrameworksBuildPhase section */

/* Begin PBXGroup section */
		23A44E302B5BFD5900C96665 = {
			isa = PBXGroup;
			children = (
				23A44E3B2B5BFD5A00C96665 /* final */,
				23A44E4C2B5BFD5B00C96665 /* finalTests */,
				23A44E562B5BFD5B00C96665 /* finalUITests */,
				23A44E3A2B5BFD5A00C96665 /* Products */,
			);
			sourceTree = "<group>";
		};
		23A44E3A2B5BFD5A00C96665 /* Products */ = {
			isa = PBXGroup;
			children = (
				23A44E392B5BFD5A00C96665 /* final.app */,
				23A44E492B5BFD5B00C96665 /* finalTests.xctest */,
				23A44E532B5BFD5B00C96665 /* finalUITests.xctest */,
			);
			name = Products;
			sourceTree = "<group>";
		};
		23A44E3B2B5BFD5A00C96665 /* final */ = {
			isa = PBXGroup;
			children = (
				23A44E3C2B5BFD5A00C96665 /* finalApp.swift */,
				23A44E3E2B5BFD5A00C96665 /* ContentView.swift */,
				23A44E402B5BFD5A00C96665 /* Assets.xcassets */,
				23A44E422B5BFD5A00C96665 /* Preview Content */,
			);
			path = final;
			sourceTree = "<group>";
		};
		23A44E422B5BFD5A00C96665 /* Preview Content */ = {
			isa = PBXGroup;
			children = (
				23A44E432B5BFD5A00C96665 /* Preview Assets.xcassets */,
			);
			path = "Preview Content";
			sourceTree = "<group>";
		};
		23A44E4C2B5BFD5B00C96665 /* finalTests */ = {
			isa = PBXGroup;
			children = (
				23A44E4D2B5BFD5B00C96665 /* finalTests.swift */,
			);
			path = finalTests;
			sourceTree = "<group>";
		};
		23A44E562B5BFD5B00C96665 /* finalUITests */ = {
			isa = PBXGroup;
			children = (
				23A44E572B5BFD5B00C96665 /* finalUITests.swift */,
				23A44E592B5BFD5B00C96665 /* finalUITestsLaunchTests.swift */,
			);
			path = finalUITests;
			sourceTree = "<group>";
		};
/* End PBXGroup section */

/* Begin PBXNativeTarget section */
		23A44E382B5BFD5900C96665 /* final */ = {
			isa = PBXNativeTarget;
			buildConfigurationList = 23A44E5D2B5BFD5B00C96665 /* Build configuration list for PBXNativeTarget "final" */;
			buildPhases = (
				23A44E352B5BFD5900C96665 /* Sources */,
				23A44E362B5BFD5900C96665 /* Frameworks */,
				23A44E372B5BFD5900C96665 /* Resources */,
			);
			buildRules = (
			);
			dependencies = (
			);
			name = final;
			productName = final;
			productReference = 23A44E392B5BFD5A00C96665 /* final.app */;
			productType = "com.apple.product-type.application";
		};
		23A44E482B5BFD5B00C96665 /* finalTests */ = {
			isa = PBXNativeTarget;
			buildConfigurationList = 23A44E602B5BFD5B00C96665 /* Build configuration list for PBXNativeTarget "finalTests" */;
			buildPhases = (
				23A44E452B5BFD5B00C96665 /* Sources */,
				23A44E462B5BFD5B00C96665 /* Frameworks */,
				23A44E472B5BFD5B00C96665 /* Resources */,
			);
			buildRules = (
			);
			dependencies = (
				23A44E4B2B5BFD5B00C96665 /* PBXTargetDependency */,
			);
			name = finalTests;
			productName = finalTests;
			productReference = 23A44E492B5BFD5B00C96665 /* finalTests.xctest */;
			productType = "com.apple.product-type.bundle.unit-test";
		};
		23A44E522B5BFD5B00C96665 /* finalUITests */ = {
			isa = PBXNativeTarget;
			buildConfigurationList = 23A44E632B5BFD5B00C96665 /* Build configuration list for PBXNativeTarget "finalUITests" */;
			buildPhases = (
				23A44E4F2B5BFD5B00C96665 /* Sources */,
				23A44E502B5BFD5B00C96665 /* Frameworks */,
				23A44E512B5BFD5B00C96665 /* Resources */,
			);
			buildRules = (
			);
			dependencies = (
				23A44E552B5BFD5B00C96665 /* PBXTargetDependency */,
			);
			name = finalUITests;
			productName = finalUITests;
			productReference = 23A44E532B5BFD5B00C96665 /* finalUITests.xctest */;
			productType = "com.apple.product-type.bundle.ui-testing";
		};
/* End PBXNativeTarget section */

/* Begin PBXProject section */
		23A44E312B5BFD5900C96665 /* Project object */ = {
			isa = PBXProject;
			attributes = {
				BuildIndependentTargetsInParallel = 1;
				LastSwiftUpdateCheck = 1520;
				LastUpgradeCheck = 1520;
				TargetAttributes = {
					23A44E382B5BFD5900C96665 = {
						CreatedOnToolsVersion = 15.2;
					};
					23A44E482B5BFD5B00C96665 = {
						CreatedOnToolsVersion = 15.2;
						TestTargetID = 23A44E382B5BFD5900C96665;
					};
					23A44E522B5BFD5B00C96665 = {
						CreatedOnToolsVersion = 15.2;
						TestTargetID = 23A44E382B5BFD5900C96665;
					};
				};
			};
			buildConfigurationList = 23A44E342B5BFD5900C96665 /* Build configuration list for PBXProject "final" */;
			compatibilityVersion = "Xcode 14.0";
			developmentRegion = en;
			hasScannedForEncodings = 0;
			knownRegions = (
				en,
				Base,
			);
			mainGroup = 23A44E302B5BFD5900C96665;
			productRefGroup = 23A44E3A2B5BFD5A00C96665 /* Products */;
			projectDirPath = "";
			projectRoot = "";
			targets = (
				23A44E382B5BFD5900C96665 /* final */,
				23A44E482B5BFD5B00C96665 /* finalTests */,
				23A44E522B5BFD5B00C96665 /* finalUITests */,
			);
		};
/* End PBXProject section */

/* Begin PBXResourcesBuildPhase section */
		23A44E372B5BFD5900C96665 /* Resources */ = {
			isa = PBXResourcesBuildPhase;
			buildActionMask = 2147483647;
			files = (
				23A44E442B5BFD5A00C96665 /* Preview Assets.xcassets in Resources */,
				23A44E412B5BFD5A00C96665 /* Assets.xcassets in Resources */,
			);
			runOnlyForDeploymentPostprocessing = 0;
		};
		23A44E472B5BFD5B00C96665 /* Resources */ = {
			isa = PBXResourcesBuildPhase;
			buildActionMask = 2147483647;
			files = (
			);
			runOnlyForDeploymentPostprocessing = 0;
		};
		23A44E512B5BFD5B00C96665 /* Resources */ = {
			isa = PBXResourcesBuildPhase;
			buildActionMask = 2147483647;
			files = (
			);
			runOnlyForDeploymentPostprocessing = 0;
		};
/* End PBXResourcesBuildPhase section */

/* Begin PBXSourcesBuildPhase section */
		23A44E352B5BFD5900C96665 /* Sources */ = {
			isa = PBXSourcesBuildPhase;
			buildActionMask = 2147483647;
			files = (
				23A44E3F2B5BFD5A00C96665 /* ContentView.swift in Sources */,
				23A44E3D2B5BFD5A00C96665 /* finalApp.swift in Sources */,
			);
			runOnlyForDeploymentPostprocessing = 0;
		};
		23A44E452B5BFD5B00C96665 /* Sources */ = {
			isa = PBXSourcesBuildPhase;
			buildActionMask = 2147483647;
			files = (
				23A44E4E2B5BFD5B00C96665 /* finalTests.swift in Sources */,
			);
			runOnlyForDeploymentPostprocessing = 0;
		};
		23A44E4F2B5BFD5B00C96665 /* Sources */ = {
			isa = PBXSourcesBuildPhase;
			buildActionMask = 2147483647;
			files = (
				23A44E582B5BFD5B00C96665 /* finalUITests.swift in Sources */,
				23A44E5A2B5BFD5B00C96665 /* finalUITestsLaunchTests.swift in Sources */,
			);
			runOnlyForDeploymentPostprocessing = 0;
		};
/* End PBXSourcesBuildPhase section */

/* Begin PBXTargetDependency section */
		23A44E4B2B5BFD5B00C96665 /* PBXTargetDependency */ = {
			isa = PBXTargetDependency;
			target = 23A44E382B5BFD5900C96665 /* final */;
			targetProxy = 23A44E4A2B5BFD5B00C96665 /* PBXContainerItemProxy */;
		};
		23A44E552B5BFD5B00C96665 /* PBXTargetDependency */ = {
			isa = PBXTargetDependency;
			target = 23A44E382B5BFD5900C96665 /* final */;
			targetProxy = 23A44E542B5BFD5B00C96665 /* PBXContainerItemProxy */;
		};
/* End PBXTargetDependency section */

/* Begin XCBuildConfiguration section */
		23A44E5B2B5BFD5B00C96665 /* Debug */ = {
			isa = XCBuildConfiguration;
			buildSettings = {
				ALWAYS_SEARCH_USER_PATHS = NO;
				ASSETCATALOG_COMPILER_GENERATE_SWIFT_ASSET_SYMBOL_EXTENSIONS = YES;
				CLANG_ANALYZER_NONNULL = YES;
				CLANG_ANALYZER_NUMBER_OBJECT_CONVERSION = YES_AGGRESSIVE;
				CLANG_CXX_LANGUAGE_STANDARD = "gnu++20";
				CLANG_ENABLE_MODULES = YES;
				CLANG_ENABLE_OBJC_ARC = YES;
				CLANG_ENABLE_OBJC_WEAK = YES;
				CLANG_WARN_BLOCK_CAPTURE_AUTORELEASING = YES;
				CLANG_WARN_BOOL_CONVERSION = YES;
				CLANG_WARN_COMMA = YES;
				CLANG_WARN_CONSTANT_CONVERSION = YES;
				CLANG_WARN_DEPRECATED_OBJC_IMPLEMENTATIONS = YES;
				CLANG_WARN_DIRECT_OBJC_ISA_USAGE = YES_ERROR;
				CLANG_WARN_DOCUMENTATION_COMMENTS = YES;
				CLANG_WARN_EMPTY_BODY = YES;
				CLANG_WARN_ENUM_CONVERSION = YES;
				CLANG_WARN_INFINITE_RECURSION = YES;
				CLANG_WARN_INT_CONVERSION = YES;
				CLANG_WARN_NON_LITERAL_NULL_CONVERSION = YES;
				CLANG_WARN_OBJC_IMPLICIT_RETAIN_SELF = YES;
				CLANG_WARN_OBJC_LITERAL_CONVERSION = YES;
				CLANG_WARN_OBJC_ROOT_CLASS = YES_ERROR;
				CLANG_WARN_QUOTED_INCLUDE_IN_FRAMEWORK_HEADER = YES;
				CLANG_WARN_RANGE_LOOP_ANALYSIS = YES;
				CLANG_WARN_STRICT_PROTOTYPES = YES;
				CLANG_WARN_SUSPICIOUS_MOVE = YES;
				CLANG_WARN_UNGUARDED_AVAILABILITY = YES_AGGRESSIVE;
				CLANG_WARN_UNREACHABLE_CODE = YES;
				CLANG_WARN__DUPLICATE_METHOD_MATCH = YES;
				COPY_PHASE_STRIP = NO;
				DEBUG_INFORMATION_FORMAT = dwarf;
				ENABLE_STRICT_OBJC_MSGSEND = YES;
				ENABLE_TESTABILITY = YES;
				ENABLE_USER_SCRIPT_SANDBOXING = YES;
				GCC_C_LANGUAGE_STANDARD = gnu17;
				GCC_DYNAMIC_NO_PIC = NO;
				GCC_NO_COMMON_BLOCKS = YES;
				GCC_OPTIMIZATION_LEVEL = 0;
				GCC_PREPROCESSOR_DEFINITIONS = (
					"DEBUG=1",
					"$(inherited)",
				);
				GCC_WARN_64_TO_32_BIT_CONVERSION = YES;
				GCC_WARN_ABOUT_RETURN_TYPE = YES_ERROR;
				GCC_WARN_UNDECLARED_SELECTOR = YES;
				GCC_WARN_UNINITIALIZED_AUTOS = YES_AGGRESSIVE;
				GCC_WARN_UNUSED_FUNCTION = YES;
				GCC_WARN_UNUSED_VARIABLE = YES;
				IPHONEOS_DEPLOYMENT_TARGET = 17.2;
				LOCALIZATION_PREFERS_STRING_CATALOGS = YES;
				MTL_ENABLE_DEBUG_INFO = INCLUDE_SOURCE;
				MTL_FAST_MATH = YES;
				ONLY_ACTIVE_ARCH = YES;
				SDKROOT = iphoneos;
				SWIFT_ACTIVE_COMPILATION_CONDITIONS = "DEBUG $(inherited)";
				SWIFT_OPTIMIZATION_LEVEL = "-Onone";
			};
			name = Debug;
		};
		23A44E5C2B5BFD5B00C96665 /* Release */ = {
			isa = XCBuildConfiguration;
			buildSettings = {
				ALWAYS_SEARCH_USER_PATHS = NO;
				ASSETCATALOG_COMPILER_GENERATE_SWIFT_ASSET_SYMBOL_EXTENSIONS = YES;
				CLANG_ANALYZER_NONNULL = YES;
				CLANG_ANALYZER_NUMBER_OBJECT_CONVERSION = YES_AGGRESSIVE;
				CLANG_CXX_LANGUAGE_STANDARD = "gnu++20";
				CLANG_ENABLE_MODULES = YES;
				CLANG_ENABLE_OBJC_ARC = YES;
				CLANG_ENABLE_OBJC_WEAK = YES;
				CLANG_WARN_BLOCK_CAPTURE_AUTORELEASING = YES;
				CLANG_WARN_BOOL_CONVERSION = YES;
				CLANG_WARN_COMMA = YES;
				CLANG_WARN_CONSTANT_CONVERSION = YES;
				CLANG_WARN_DEPRECATED_OBJC_IMPLEMENTATIONS = YES;
				CLANG_WARN_DIRECT_OBJC_ISA_USAGE = YES_ERROR;
				CLANG_WARN_DOCUMENTATION_COMMENTS = YES;
				CLANG_WARN_EMPTY_BODY = YES;
				CLANG_WARN_ENUM_CONVERSION = YES;
				CLANG_WARN_INFINITE_RECURSION = YES;
				CLANG_WARN_INT_CONVERSION = YES;
				CLANG_WARN_NON_LITERAL_NULL_CONVERSION = YES;
				CLANG_WARN_OBJC_IMPLICIT_RETAIN_SELF = YES;
				CLANG_WARN_OBJC_LITERAL_CONVERSION = YES;
				CLANG_WARN_OBJC_ROOT_CLASS = YES_ERROR;
				CLANG_WARN_QUOTED_INCLUDE_IN_FRAMEWORK_HEADER = YES;
				CLANG_WARN_RANGE_LOOP_ANALYSIS = YES;
				CLANG_WARN_STRICT_PROTOTYPES = YES;
				CLANG_WARN_SUSPICIOUS_MOVE = YES;
				CLANG_WARN_UNGUARDED_AVAILABILITY = YES_AGGRESSIVE;
				CLANG_WARN_UNREACHABLE_CODE = YES;
				CLANG_WARN__DUPLICATE_METHOD_MATCH = YES;
				COPY_PHASE_STRIP = NO;
				DEBUG_INFORMATION_FORMAT = "dwarf-with-dsym";
				ENABLE_NS_ASSERTIONS = NO;
				ENABLE_STRICT_OBJC_MSGSEND = YES;
				ENABLE_USER_SCRIPT_SANDBOXING = YES;
				GCC_C_LANGUAGE_STANDARD = gnu17;
				GCC_NO_COMMON_BLOCKS = YES;
				GCC_WARN_64_TO_32_BIT_CONVERSION = YES;
				GCC_WARN_ABOUT_RETURN_TYPE = YES_ERROR;
				GCC_WARN_UNDECLARED_SELECTOR = YES;
				GCC_WARN_UNINITIALIZED_AUTOS = YES_AGGRESSIVE;
				GCC_WARN_UNUSED_FUNCTION = YES;
				GCC_WARN_UNUSED_VARIABLE = YES;
				IPHONEOS_DEPLOYMENT_TARGET = 17.2;
				LOCALIZATION_PREFERS_STRING_CATALOGS = YES;
				MTL_ENABLE_DEBUG_INFO = NO;
				MTL_FAST_MATH = YES;
				SDKROOT = iphoneos;
				SWIFT_COMPILATION_MODE = wholemodule;
				VALIDATE_PRODUCT = YES;
			};
			name = Release;
		};
		23A44E5E2B5BFD5B00C96665 /* Debug */ = {
			isa = XCBuildConfiguration;
			buildSettings = {
				ASSETCATALOG_COMPILER_APPICON_NAME = AppIcon;
				ASSETCATALOG_COMPILER_GLOBAL_ACCENT_COLOR_NAME = AccentColor;
				CODE_SIGN_STYLE = Automatic;
				CURRENT_PROJECT_VERSION = 1;
				DEVELOPMENT_ASSET_PATHS = "\"final/Preview Content\"";
				ENABLE_PREVIEWS = YES;
				GENERATE_INFOPLIST_FILE = YES;
				INFOPLIST_KEY_UIApplicationSceneManifest_Generation = YES;
				INFOPLIST_KEY_UIApplicationSupportsIndirectInputEvents = YES;
				INFOPLIST_KEY_UILaunchScreen_Generation = YES;
				INFOPLIST_KEY_UISupportedInterfaceOrientations_iPad = "UIInterfaceOrientationPortrait UIInterfaceOrientationPortraitUpsideDown UIInterfaceOrientationLandscapeLeft UIInterfaceOrientationLandscapeRight";
				INFOPLIST_KEY_UISupportedInterfaceOrientations_iPhone = "UIInterfaceOrientationPortrait UIInterfaceOrientationLandscapeLeft UIInterfaceOrientationLandscapeRight";
				LD_RUNPATH_SEARCH_PATHS = (
					"$(inherited)",
					"@executable_path/Frameworks",
				);
				MARKETING_VERSION = 1.0;
				PRODUCT_BUNDLE_IDENTIFIER = cjminichev.final;
				PRODUCT_NAME = "$(TARGET_NAME)";
				SWIFT_EMIT_LOC_STRINGS = YES;
				SWIFT_VERSION = 5.0;
				TARGETED_DEVICE_FAMILY = "1,2";
			};
			name = Debug;
		};
		23A44E5F2B5BFD5B00C96665 /* Release */ = {
			isa = XCBuildConfiguration;
			buildSettings = {
				ASSETCATALOG_COMPILER_APPICON_NAME = AppIcon;
				ASSETCATALOG_COMPILER_GLOBAL_ACCENT_COLOR_NAME = AccentColor;
				CODE_SIGN_STYLE = Automatic;
				CURRENT_PROJECT_VERSION = 1;
				DEVELOPMENT_ASSET_PATHS = "\"final/Preview Content\"";
				ENABLE_PREVIEWS = YES;
				GENERATE_INFOPLIST_FILE = YES;
				INFOPLIST_KEY_UIApplicationSceneManifest_Generation = YES;
				INFOPLIST_KEY_UIApplicationSupportsIndirectInputEvents = YES;
				INFOPLIST_KEY_UILaunchScreen_Generation = YES;
				INFOPLIST_KEY_UISupportedInterfaceOrientations_iPad = "UIInterfaceOrientationPortrait UIInterfaceOrientationPortraitUpsideDown UIInterfaceOrientationLandscapeLeft UIInterfaceOrientationLandscapeRight";
				INFOPLIST_KEY_UISupportedInterfaceOrientations_iPhone = "UIInterfaceOrientationPortrait UIInterfaceOrientationLandscapeLeft UIInterfaceOrientationLandscapeRight";
				LD_RUNPATH_SEARCH_PATHS = (
					"$(inherited)",
					"@executable_path/Frameworks",
				);
				MARKETING_VERSION = 1.0;
				PRODUCT_BUNDLE_IDENTIFIER = cjminichev.final;
				PRODUCT_NAME = "$(TARGET_NAME)";
				SWIFT_EMIT_LOC_STRINGS = YES;
				SWIFT_VERSION = 5.0;
				TARGETED_DEVICE_FAMILY = "1,2";
			};
			name = Release;
		};
		23A44E612B5BFD5B00C96665 /* Debug */ = {
			isa = XCBuildConfiguration;
			buildSettings = {
				ALWAYS_EMBED_SWIFT_STANDARD_LIBRARIES = YES;
				BUNDLE_LOADER = "$(TEST_HOST)";
				CODE_SIGN_STYLE = Automatic;
				CURRENT_PROJECT_VERSION = 1;
				GENERATE_INFOPLIST_FILE = YES;
				IPHONEOS_DEPLOYMENT_TARGET = 17.2;
				MARKETING_VERSION = 1.0;
				PRODUCT_BUNDLE_IDENTIFIER = cjminichev.finalTests;
				PRODUCT_NAME = "$(TARGET_NAME)";
				SWIFT_EMIT_LOC_STRINGS = NO;
				SWIFT_VERSION = 5.0;
				TARGETED_DEVICE_FAMILY = "1,2";
				TEST_HOST = "$(BUILT_PRODUCTS_DIR)/final.app/$(BUNDLE_EXECUTABLE_FOLDER_PATH)/final";
			};
			name = Debug;
		};
		23A44E622B5BFD5B00C96665 /* Release */ = {
			isa = XCBuildConfiguration;
			buildSettings = {
				ALWAYS_EMBED_SWIFT_STANDARD_LIBRARIES = YES;
				BUNDLE_LOADER = "$(TEST_HOST)";
				CODE_SIGN_STYLE = Automatic;
				CURRENT_PROJECT_VERSION = 1;
				GENERATE_INFOPLIST_FILE = YES;
				IPHONEOS_DEPLOYMENT_TARGET = 17.2;
				MARKETING_VERSION = 1.0;
				PRODUCT_BUNDLE_IDENTIFIER = cjminichev.finalTests;
				PRODUCT_NAME = "$(TARGET_NAME)";
				SWIFT_EMIT_LOC_STRINGS = NO;
				SWIFT_VERSION = 5.0;
				TARGETED_DEVICE_FAMILY = "1,2";
				TEST_HOST = "$(BUILT_PRODUCTS_DIR)/final.app/$(BUNDLE_EXECUTABLE_FOLDER_PATH)/final";
			};
			name = Release;
		};
		23A44E642B5BFD5B00C96665 /* Debug */ = {
			isa = XCBuildConfiguration;
			buildSettings = {
				ALWAYS_EMBED_SWIFT_STANDARD_LIBRARIES = YES;
				CODE_SIGN_STYLE = Automatic;
				CURRENT_PROJECT_VERSION = 1;
				GENERATE_INFOPLIST_FILE = YES;
				MARKETING_VERSION = 1.0;
				PRODUCT_BUNDLE_IDENTIFIER = cjminichev.finalUITests;
				PRODUCT_NAME = "$(TARGET_NAME)";
				SWIFT_EMIT_LOC_STRINGS = NO;
				SWIFT_VERSION = 5.0;
				TARGETED_DEVICE_FAMILY = "1,2";
				TEST_TARGET_NAME = final;
			};
			name = Debug;
		};
		23A44E652B5BFD5B00C96665 /* Release */ = {
			isa = XCBuildConfiguration;
			buildSettings = {
				ALWAYS_EMBED_SWIFT_STANDARD_LIBRARIES = YES;
				CODE_SIGN_STYLE = Automatic;
				CURRENT_PROJECT_VERSION = 1;
				GENERATE_INFOPLIST_FILE = YES;
				MARKETING_VERSION = 1.0;
				PRODUCT_BUNDLE_IDENTIFIER = cjminichev.finalUITests;
				PRODUCT_NAME = "$(TARGET_NAME)";
				SWIFT_EMIT_LOC_STRINGS = NO;
				SWIFT_VERSION = 5.0;
				TARGETED_DEVICE_FAMILY = "1,2";
				TEST_TARGET_NAME = final;
			};
			name = Release;
		};
/* End XCBuildConfiguration section */

/* Begin XCConfigurationList section */
		23A44E342B5BFD5900C96665 /* Build configuration list for PBXProject "final" */ = {
			isa = XCConfigurationList;
			buildConfigurations = (
				23A44E5B2B5BFD5B00C96665 /* Debug */,
				23A44E5C2B5BFD5B00C96665 /* Release */,
			);
			defaultConfigurationIsVisible = 0;
			defaultConfigurationName = Release;
		};
		23A44E5D2B5BFD5B00C96665 /* Build configuration list for PBXNativeTarget "final" */ = {
			isa = XCConfigurationList;
			buildConfigurations = (
				23A44E5E2B5BFD5B00C96665 /* Debug */,
				23A44E5F2B5BFD5B00C96665 /* Release */,
			);
			defaultConfigurationIsVisible = 0;
			defaultConfigurationName = Release;
		};
		23A44E602B5BFD5B00C96665 /* Build configuration list for PBXNativeTarget "finalTests" */ = {
			isa = XCConfigurationList;
			buildConfigurations = (
				23A44E612B5BFD5B00C96665 /* Debug */,
				23A44E622B5BFD5B00C96665 /* Release */,
			);
			defaultConfigurationIsVisible = 0;
			defaultConfigurationName = Release;
		};
		23A44E632B5BFD5B00C96665 /* Build configuration list for PBXNativeTarget "finalUITests" */ = {
			isa = XCConfigurationList;
			buildConfigurations = (
				23A44E642B5BFD5B00C96665 /* Debug */,
				23A44E652B5BFD5B00C96665 /* Release */,
			);
			defaultConfigurationIsVisible = 0;
			defaultConfigurationName = Release;
		};
/* End XCConfigurationList section */
	};
	rootObject = 23A44E312B5BFD5900C96665 /* Project object */;
}
